
Microsoft Visual Studio Solution File, Format Version 12.00
# Visual Studio Version 17
VisualStudioVersion = 17.3.32811.315
MinimumVisualStudioVersion = 10.0.40219.1
Project("{FAE04EC0-301F-11D3-BF4B-00C04F79EFBC}") = "HashTableAndBST", "HashTableAndBST\HashTableAndBST.csproj", "{CBCAE15B-89D9-4691-B597-C9EEE5F70D83}"
EndProject
Project("{FAE04EC0-301F-11D3-BF4B-00C04F79EFBC}") = "BinarySearchTree", "BST\BinarySearchTree.csproj", "{A008EDC1-D68A-4318-B1DA-E166CEF65B4A}"
EndProject
Global
	GlobalSection(SolutionConfigurationPlatforms) = preSolution
		Debug|Any CPU = Debug|Any CPU
		Release|Any CPU = Release|Any CPU
	EndGlobalSection
	GlobalSection(ProjectConfigurationPlatforms) = postSolution
		{CBCAE15B-89D9-4691-B597-C9EEE5F70D83}.Debug|Any CPU.ActiveCfg = Debug|Any CPU
		{CBCAE15B-89D9-4691-B597-C9EEE5F70D83}.Debug|Any CPU.Build.0 = Debug|Any CPU
		{CBCAE15B-89D9-4691-B597-C9EEE5F70D83}.Release|Any CPU.ActiveCfg = Release|Any CPU
		{CBCAE15B-89D9-4691-B597-C9EEE5F70D83}.Release|Any CPU.Build.0 = Release|Any CPU
		{A008EDC1-D68A-4318-B1DA-E166CEF65B4A}.Debug|Any CPU.ActiveCfg = Debug|Any CPU
		{A008EDC1-D68A-4318-B1DA-E166CEF65B4A}.Debug|Any CPU.Build.0 = Debug|Any CPU
		{A008EDC1-D68A-4318-B1DA-E166CEF65B4A}.Release|Any CPU.ActiveCfg = Release|Any CPU
		{A008EDC1-D68A-4318-B1DA-E166CEF65B4A}.Release|Any CPU.Build.0 = Release|Any CPU
	EndGlobalSection
	GlobalSection(SolutionProperties) = preSolution
		HideSolutionNode = FALSE
	EndGlobalSection
	GlobalSection(ExtensibilityGlobals) = postSolution
		SolutionGuid = {CBA89D0B-0FA8-4EAB-BDE7-B16394EE7280}
	EndGlobalSection
EndGlobal
